
Microsoft Visual Studio Solution File, Format Version 12.00
# Visual Studio Version 17
VisualStudioVersion = 17.11.35312.102
MinimumVisualStudioVersion = 10.0.40219.1
Project("{FAE04EC0-301F-11D3-BF4B-00C04F79EFBC}") = "Lab 10 - JSon", "Lab 10 - JSon.csproj", "{472C6ADE-265E-4A38-AD45-AB542DD2A373}"
EndProject
Global
	GlobalSection(SolutionConfigurationPlatforms) = preSolution
		Debug|Any CPU = Debug|Any CPU
		Release|Any CPU = Release|Any CPU
	EndGlobalSection
	GlobalSection(ProjectConfigurationPlatforms) = postSolution
		{472C6ADE-265E-4A38-AD45-AB542DD2A373}.Debug|Any CPU.ActiveCfg = Debug|Any CPU
		{472C6ADE-265E-4A38-AD45-AB542DD2A373}.Debug|Any CPU.Build.0 = Debug|Any CPU
		{472C6ADE-265E-4A38-AD45-AB542DD2A373}.Release|Any CPU.ActiveCfg = Release|Any CPU
		{472C6ADE-265E-4A38-AD45-AB542DD2A373}.Release|Any CPU.Build.0 = Release|Any CPU
	EndGlobalSection
	GlobalSection(SolutionProperties) = preSolution
		HideSolutionNode = FALSE
	EndGlobalSection
	GlobalSection(ExtensibilityGlobals) = postSolution
		SolutionGuid = {3EC060D3-6312-40D4-A0AB-521D00C023E4}
	EndGlobalSection
EndGlobal
